
Microsoft Visual Studio Solution File, Format Version 12.00
# Visual Studio Version 16
VisualStudioVersion = 16.0.33529.622
MinimumVisualStudioVersion = 10.0.40219.1
Project("{FAE04EC0-301F-11D3-BF4B-00C04F79EFBC}") = "eommerce-aspnet-mvc", "eommerce-aspnet-mvc\eommerce-aspnet-mvc.csproj", "{E2A2E486-EC71-4DB0-A50E-BA73928C9C69}"
EndProject
Global
	GlobalSection(SolutionConfigurationPlatforms) = preSolution
		Debug|Any CPU = Debug|Any CPU
		Release|Any CPU = Release|Any CPU
	EndGlobalSection
	GlobalSection(ProjectConfigurationPlatforms) = postSolution
		{E2A2E486-EC71-4DB0-A50E-BA73928C9C69}.Debug|Any CPU.ActiveCfg = Debug|Any CPU
		{E2A2E486-EC71-4DB0-A50E-BA73928C9C69}.Debug|Any CPU.Build.0 = Debug|Any CPU
		{E2A2E486-EC71-4DB0-A50E-BA73928C9C69}.Release|Any CPU.ActiveCfg = Release|Any CPU
		{E2A2E486-EC71-4DB0-A50E-BA73928C9C69}.Release|Any CPU.Build.0 = Release|Any CPU
	EndGlobalSection
	GlobalSection(SolutionProperties) = preSolution
		HideSolutionNode = FALSE
	EndGlobalSection
	GlobalSection(ExtensibilityGlobals) = postSolution
		SolutionGuid = {4DE9FEE4-063A-4652-975C-5666EB29AFC5}
	EndGlobalSection
EndGlobal
